Microsoft Visual Studio Solution File, Format Version 8.00
#
# $Id: VC71WorkspaceCreator.pm,v 1.5 2005/05/16 16:41:30 elliott_c Exp $
#
# This file was generated by MPC.  Any changes made directly to
# this file will be lost the next time it is generated.
#
# MPC Command:
# bin/mwc.pl -include /project/acetmp/sm/ACE_wrappers/MPC/config -include /project/acetmp/sm/ACE_wrappers/MPC/templates -type vc71 -static -name_modifier *_Static -apply_project -exclude TAO/CIAO,TAO/TAOACE.mwc -recurse -hierarchy -relative ACE_ROOT=/tmp/ACE_wrappers_stage-9893/ACE_wrappers
Project("{8BC9CEB8-8B4A-11D0-8D11-00A0C91BC942}") = "ACE_Static", "ACE_Static.vcproj", "{69A052F0-FECA-1BAD-6757-8A6317C58342}"
	ProjectSection(ProjectDependencies) = postProject
	EndProjectSection
EndProject
Project("{8BC9CEB8-8B4A-11D0-8D11-00A0C91BC942}") = "QoS_Static", "QoS\QoS_Static.vcproj", "{BFA052E2-FECA-1BAD-7781-8A638340B066}"
	ProjectSection(ProjectDependencies) = postProject
	EndProjectSection
EndProject
Global
	GlobalSection(SolutionConfiguration) = preSolution
		Debug = Debug
		Release = Release
	EndGlobalSection
	GlobalSection(ProjectConfiguration) = postSolution
		{69A052F0-FECA-1BAD-6757-8A6317C58342}.Debug.ActiveCfg = Debug|Win32
		{69A052F0-FECA-1BAD-6757-8A6317C58342}.Debug.Build.0 = Debug|Win32
		{69A052F0-FECA-1BAD-6757-8A6317C58342}.Release.ActiveCfg = Release|Win32
		{69A052F0-FECA-1BAD-6757-8A6317C58342}.Release.Build.0 = Release|Win32
		{BFA052E2-FECA-1BAD-7781-8A638340B066}.Debug.ActiveCfg = Debug|Win32
		{BFA052E2-FECA-1BAD-7781-8A638340B066}.Debug.Build.0 = Debug|Win32
		{BFA052E2-FECA-1BAD-7781-8A638340B066}.Release.ActiveCfg = Release|Win32
		{BFA052E2-FECA-1BAD-7781-8A638340B066}.Release.Build.0 = Release|Win32
	EndGlobalSection
	GlobalSection(ExtensibilityGlobals) = postSolution
	EndGlobalSection
	GlobalSection(ExtensibilityAddIns) = postSolution
	EndGlobalSection
EndGlobal
